// !$*UTF8*$!
{
	archiveVersion = 1;
	classes = {
	};
	objectVersion = 42;
	objects = {

/* Begin PBXBuildFile section */
		158EE5C20E28F3680065E8DD /* VICView.m in Sources */ = {isa = PBXBuildFile; fileRef = 158EE5C10E28F3680065E8DD /* VICView.m */; };
		15A2F1CB0E3F7A6500D452ED /* Carbon.framework in Frameworks */ = {isa = PBXBuildFile; fileRef = 15A2F1CA0E3F7A6500D452ED /* Carbon.framework */; };
		15AA7B760E28F8A1000D7984 /* BasicRom.cpp in Sources */ = {isa = PBXBuildFile; fileRef = 15AA7B5C0E28F8A1000D7984 /* BasicRom.cpp */; };
		15AA7B770E28F8A1000D7984 /* Bus.cpp in Sources */ = {isa = PBXBuildFile; fileRef = 15AA7B5E0E28F8A1000D7984 /* Bus.cpp */; };
		15AA7B780E28F8A1000D7984 /* Device.cpp in Sources */ = {isa = PBXBuildFile; fileRef = 15AA7B610E28F8A1000D7984 /* Device.cpp */; };
		15AA7B790E28F8A1000D7984 /* KernalRom.cpp in Sources */ = {isa = PBXBuildFile; fileRef = 15AA7B630E28F8A1000D7984 /* KernalRom.cpp */; };
		15AA7B7D0E28F8A1000D7984 /* MOS6510.cpp in Sources */ = {isa = PBXBuildFile; fileRef = 15AA7B690E28F8A1000D7984 /* MOS6510.cpp */; };
		15AA7B7E0E28F8A1000D7984 /* MOS6510Debug.cpp in Sources */ = {isa = PBXBuildFile; fileRef = 15AA7B6B0E28F8A1000D7984 /* MOS6510Debug.cpp */; };
		15AA7B7F0E28F8A1000D7984 /* MOS6569.cpp in Sources */ = {isa = PBXBuildFile; fileRef = 15AA7B6E0E28F8A1000D7984 /* MOS6569.cpp */; };
		15AA7B800E28F8A1000D7984 /* Ram.cpp in Sources */ = {isa = PBXBuildFile; fileRef = 15AA7B700E28F8A1000D7984 /* Ram.cpp */; };
		15AA7B810E28F8A1000D7984 /* UTestOpcode.cpp in Sources */ = {isa = PBXBuildFile; fileRef = 15AA7B720E28F8A1000D7984 /* UTestOpcode.cpp */; };
		15AA7B820E28F8A1000D7984 /* Util.cpp in Sources */ = {isa = PBXBuildFile; fileRef = 15AA7B740E28F8A1000D7984 /* Util.cpp */; };
		15AA7B8D0E28F967000D7984 /* C64Cocoa.mm in Sources */ = {isa = PBXBuildFile; fileRef = 15AA7B8C0E28F967000D7984 /* C64Cocoa.mm */; };
		15AA7BA10E28FA0F000D7984 /* CBM64Main.cpp in Sources */ = {isa = PBXBuildFile; fileRef = 15AA7BA00E28FA0F000D7984 /* CBM64Main.cpp */; };
		15AA7FB60E2A5361000D7984 /* MOS6526A.cpp in Sources */ = {isa = PBXBuildFile; fileRef = 15AA7FB50E2A5361000D7984 /* MOS6526A.cpp */; };
		15AA86EE0E31F403000D7984 /* CharRom.cpp in Sources */ = {isa = PBXBuildFile; fileRef = 15AA86EC0E31F403000D7984 /* CharRom.cpp */; };
		8D11072A0486CEB800E47090 /* MainMenu.nib in Resources */ = {isa = PBXBuildFile; fileRef = 29B97318FDCFA39411CA2CEA /* MainMenu.nib */; };
		8D11072B0486CEB800E47090 /* InfoPlist.strings in Resources */ = {isa = PBXBuildFile; fileRef = 089C165CFE840E0CC02AAC07 /* InfoPlist.strings */; };
		8D11072D0486CEB800E47090 /* main.m in Sources */ = {isa = PBXBuildFile; fileRef = 29B97316FDCFA39411CA2CEA /* main.m */; settings = {ATTRIBUTES = (); }; };
		8D11072F0486CEB800E47090 /* Cocoa.framework in Frameworks */ = {isa = PBXBuildFile; fileRef = 1058C7A1FEA54F0111CA2CBB /* Cocoa.framework */; };
/* End PBXBuildFile section */

/* Begin PBXFileReference section */
		089C165DFE840E0CC02AAC07 /* English */ = {isa = PBXFileReference; fileEncoding = 10; lastKnownFileType = text.plist.strings; name = English; path = English.lproj/InfoPlist.strings; sourceTree = "<group>"; };
		1058C7A1FEA54F0111CA2CBB /* Cocoa.framework */ = {isa = PBXFileReference; lastKnownFileType = wrapper.framework; name = Cocoa.framework; path = /System/Library/Frameworks/Cocoa.framework; sourceTree = "<absolute>"; };
		13E42FB307B3F0F600E4EEF1 /* CoreData.framework */ = {isa = PBXFileReference; lastKnownFileType = wrapper.framework; name = CoreData.framework; path = /System/Library/Frameworks/CoreData.framework; sourceTree = "<absolute>"; };
		158EE5C00E28F3680065E8DD /* VICView.h */ = {isa = PBXFileReference; fileEncoding = 30; lastKnownFileType = sourcecode.c.h; path = VICView.h; sourceTree = "<group>"; };
		158EE5C10E28F3680065E8DD /* VICView.m */ = {isa = PBXFileReference; fileEncoding = 30; lastKnownFileType = sourcecode.c.objc; path = VICView.m; sourceTree = "<group>"; };
		15A2F1CA0E3F7A6500D452ED /* Carbon.framework */ = {isa = PBXFileReference; lastKnownFileType = wrapper.framework; name = Carbon.framework; path = /Developer/SDKs/MacOSX10.4u.sdk/System/Library/Frameworks/Carbon.framework; sourceTree = "<absolute>"; };
		15AA7B5C0E28F8A1000D7984 /* BasicRom.cpp */ = {isa = PBXFileReference; fileEncoding = 30; lastKnownFileType = sourcecode.cpp.cpp; path = BasicRom.cpp; sourceTree = "<group>"; };
		15AA7B5D0E28F8A1000D7984 /* BasicRom.h */ = {isa = PBXFileReference; fileEncoding = 30; lastKnownFileType = sourcecode.c.h; path = BasicRom.h; sourceTree = "<group>"; };
		15AA7B5E0E28F8A1000D7984 /* Bus.cpp */ = {isa = PBXFileReference; fileEncoding = 30; lastKnownFileType = sourcecode.cpp.cpp; path = Bus.cpp; sourceTree = "<group>"; };
		15AA7B5F0E28F8A1000D7984 /* Bus.h */ = {isa = PBXFileReference; fileEncoding = 30; lastKnownFileType = sourcecode.c.h; path = Bus.h; sourceTree = "<group>"; };
		15AA7B600E28F8A1000D7984 /* Common.h */ = {isa = PBXFileReference; fileEncoding = 30; lastKnownFileType = sourcecode.c.h; path = Common.h; sourceTree = "<group>"; };
		15AA7B610E28F8A1000D7984 /* Device.cpp */ = {isa = PBXFileReference; fileEncoding = 30; lastKnownFileType = sourcecode.cpp.cpp; path = Device.cpp; sourceTree = "<group>"; };
		15AA7B620E28F8A1000D7984 /* Device.h */ = {isa = PBXFileReference; fileEncoding = 30; lastKnownFileType = sourcecode.c.h; path = Device.h; sourceTree = "<group>"; };
		15AA7B630E28F8A1000D7984 /* KernalRom.cpp */ = {isa = PBXFileReference; fileEncoding = 30; lastKnownFileType = sourcecode.cpp.cpp; path = KernalRom.cpp; sourceTree = "<group>"; };
		15AA7B640E28F8A1000D7984 /* KernalRom.h */ = {isa = PBXFileReference; fileEncoding = 30; lastKnownFileType = sourcecode.c.h; path = KernalRom.h; sourceTree = "<group>"; };
		15AA7B690E28F8A1000D7984 /* MOS6510.cpp */ = {isa = PBXFileReference; fileEncoding = 30; lastKnownFileType = sourcecode.cpp.cpp; path = MOS6510.cpp; sourceTree = "<group>"; };
		15AA7B6A0E28F8A1000D7984 /* MOS6510.h */ = {isa = PBXFileReference; fileEncoding = 30; lastKnownFileType = sourcecode.c.h; path = MOS6510.h; sourceTree = "<group>"; };
		15AA7B6B0E28F8A1000D7984 /* MOS6510Debug.cpp */ = {isa = PBXFileReference; fileEncoding = 30; lastKnownFileType = sourcecode.cpp.cpp; path = MOS6510Debug.cpp; sourceTree = "<group>"; };
		15AA7B6C0E28F8A1000D7984 /* MOS6510Debug.h */ = {isa = PBXFileReference; fileEncoding = 30; lastKnownFileType = sourcecode.c.h; path = MOS6510Debug.h; sourceTree = "<group>"; };
		15AA7B6D0E28F8A1000D7984 /* MOS6510DebugInterface.h */ = {isa = PBXFileReference; fileEncoding = 30; lastKnownFileType = sourcecode.c.h; path = MOS6510DebugInterface.h; sourceTree = "<group>"; };
		15AA7B6E0E28F8A1000D7984 /* MOS6569.cpp */ = {isa = PBXFileReference; fileEncoding = 30; lastKnownFileType = sourcecode.cpp.cpp; path = MOS6569.cpp; sourceTree = "<group>"; };
		15AA7B6F0E28F8A1000D7984 /* MOS6569.h */ = {isa = PBXFileReference; fileEncoding = 30; lastKnownFileType = sourcecode.c.h; path = MOS6569.h; sourceTree = "<group>"; };
		15AA7B700E28F8A1000D7984 /* Ram.cpp */ = {isa = PBXFileReference; fileEncoding = 30; lastKnownFileType = sourcecode.cpp.cpp; path = Ram.cpp; sourceTree = "<group>"; };
		15AA7B710E28F8A1000D7984 /* Ram.h */ = {isa = PBXFileReference; fileEncoding = 30; lastKnownFileType = sourcecode.c.h; path = Ram.h; sourceTree = "<group>"; };
		15AA7B720E28F8A1000D7984 /* UTestOpcode.cpp */ = {isa = PBXFileReference; fileEncoding = 30; lastKnownFileType = sourcecode.cpp.cpp; path = UTestOpcode.cpp; sourceTree = "<group>"; };
		15AA7B730E28F8A1000D7984 /* UTestOpcode.h */ = {isa = PBXFileReference; fileEncoding = 30; lastKnownFileType = sourcecode.c.h; path = UTestOpcode.h; sourceTree = "<group>"; };
		15AA7B740E28F8A1000D7984 /* Util.cpp */ = {isa = PBXFileReference; fileEncoding = 30; lastKnownFileType = sourcecode.cpp.cpp; path = Util.cpp; sourceTree = "<group>"; };
		15AA7B750E28F8A1000D7984 /* Util.h */ = {isa = PBXFileReference; fileEncoding = 30; lastKnownFileType = sourcecode.c.h; path = Util.h; sourceTree = "<group>"; };
		15AA7B8B0E28F967000D7984 /* C64Cocoa.h */ = {isa = PBXFileReference; fileEncoding = 4; lastKnownFileType = sourcecode.c.h; path = C64Cocoa.h; sourceTree = "<group>"; };
		15AA7B8C0E28F967000D7984 /* C64Cocoa.mm */ = {isa = PBXFileReference; fileEncoding = 4; lastKnownFileType = sourcecode.cpp.objcpp; path = C64Cocoa.mm; sourceTree = "<group>"; };
		15AA7B9F0E28FA0F000D7984 /* CBM64Main.h */ = {isa = PBXFileReference; fileEncoding = 4; lastKnownFileType = sourcecode.c.h; path = CBM64Main.h; sourceTree = "<group>"; };
		15AA7BA00E28FA0F000D7984 /* CBM64Main.cpp */ = {isa = PBXFileReference; fileEncoding = 4; lastKnownFileType = sourcecode.cpp.cpp; path = CBM64Main.cpp; sourceTree = "<group>"; };
		15AA7DE40E29E383000D7984 /* bkegen.h */ = {isa = PBXFileReference; fileEncoding = 4; lastKnownFileType = sourcecode.c.h; path = bkegen.h; sourceTree = "<group>"; };
		15AA7FB40E2A5361000D7984 /* MOS6526A.h */ = {isa = PBXFileReference; fileEncoding = 4; lastKnownFileType = sourcecode.c.h; path = MOS6526A.h; sourceTree = "<group>"; };
		15AA7FB50E2A5361000D7984 /* MOS6526A.cpp */ = {isa = PBXFileReference; fileEncoding = 4; lastKnownFileType = sourcecode.cpp.cpp; path = MOS6526A.cpp; sourceTree = "<group>"; };
		15AA86EC0E31F403000D7984 /* CharRom.cpp */ = {isa = PBXFileReference; fileEncoding = 30; lastKnownFileType = sourcecode.cpp.cpp; path = CharRom.cpp; sourceTree = "<group>"; };
		15AA86ED0E31F403000D7984 /* CharRom.h */ = {isa = PBXFileReference; fileEncoding = 30; lastKnownFileType = sourcecode.c.h; path = CharRom.h; sourceTree = "<group>"; };
		15B3CD190E35EA4B00D1C847 /* General.h */ = {isa = PBXFileReference; fileEncoding = 4; lastKnownFileType = sourcecode.c.h; path = General.h; sourceTree = "<group>"; };
		29B97316FDCFA39411CA2CEA /* main.m */ = {isa = PBXFileReference; fileEncoding = 4; lastKnownFileType = sourcecode.c.objc; path = main.m; sourceTree = "<group>"; };
		29B97319FDCFA39411CA2CEA /* English */ = {isa = PBXFileReference; lastKnownFileType = wrapper.nib; name = English; path = English.lproj/MainMenu.nib; sourceTree = "<group>"; };
		29B97324FDCFA39411CA2CEA /* AppKit.framework */ = {isa = PBXFileReference; lastKnownFileType = wrapper.framework; name = AppKit.framework; path = /System/Library/Frameworks/AppKit.framework; sourceTree = "<absolute>"; };
		29B97325FDCFA39411CA2CEA /* Foundation.framework */ = {isa = PBXFileReference; lastKnownFileType = wrapper.framework; name = Foundation.framework; path = /System/Library/Frameworks/Foundation.framework; sourceTree = "<absolute>"; };
		32CA4F630368D1EE00C91783 /* A64Mac_Prefix.pch */ = {isa = PBXFileReference; fileEncoding = 4; lastKnownFileType = sourcecode.c.h; path = A64Mac_Prefix.pch; sourceTree = "<group>"; };
		8D1107310486CEB800E47090 /* Info.plist */ = {isa = PBXFileReference; fileEncoding = 4; lastKnownFileType = text.plist; path = Info.plist; sourceTree = "<group>"; };
		8D1107320486CEB800E47090 /* A64Mac.app */ = {isa = PBXFileReference; explicitFileType = wrapper.application; includeInIndex = 0; path = A64Mac.app; sourceTree = BUILT_PRODUCTS_DIR; };
/* End PBXFileReference section */

/* Begin PBXFrameworksBuildPhase section */
		8D11072E0486CEB800E47090 /* Frameworks */ = {
			isa = PBXFrameworksBuildPhase;
			buildActionMask = 2147483647;
			files = (
				8D11072F0486CEB800E47090 /* Cocoa.framework in Frameworks */,
				15A2F1CB0E3F7A6500D452ED /* Carbon.framework in Frameworks */,
			);
			runOnlyForDeploymentPostprocessing = 0;
		};
/* End PBXFrameworksBuildPhase section */

/* Begin PBXGroup section */
		080E96DDFE201D6D7F000001 /* Classes */ = {
			isa = PBXGroup;
			children = (
				158EE5C00E28F3680065E8DD /* VICView.h */,
				158EE5C10E28F3680065E8DD /* VICView.m */,
				15AA7B8B0E28F967000D7984 /* C64Cocoa.h */,
				15AA7B8C0E28F967000D7984 /* C64Cocoa.mm */,
			);
			name = Classes;
			sourceTree = "<group>";
		};
		1058C7A0FEA54F0111CA2CBB /* Linked Frameworks */ = {
			isa = PBXGroup;
			children = (
				1058C7A1FEA54F0111CA2CBB /* Cocoa.framework */,
			);
			name = "Linked Frameworks";
			sourceTree = "<group>";
		};
		1058C7A2FEA54F0111CA2CBB /* Other Frameworks */ = {
			isa = PBXGroup;
			children = (
				15A2F1CA0E3F7A6500D452ED /* Carbon.framework */,
				29B97324FDCFA39411CA2CEA /* AppKit.framework */,
				13E42FB307B3F0F600E4EEF1 /* CoreData.framework */,
				29B97325FDCFA39411CA2CEA /* Foundation.framework */,
			);
			name = "Other Frameworks";
			sourceTree = "<group>";
		};
		15AA7B5B0E28F8A1000D7984 /* A64Core */ = {
			isa = PBXGroup;
			children = (
				15AA86EC0E31F403000D7984 /* CharRom.cpp */,
				15AA86ED0E31F403000D7984 /* CharRom.h */,
				15AA7B5C0E28F8A1000D7984 /* BasicRom.cpp */,
				15AA7B5D0E28F8A1000D7984 /* BasicRom.h */,
				15AA7B5E0E28F8A1000D7984 /* Bus.cpp */,
				15AA7B5F0E28F8A1000D7984 /* Bus.h */,
				15AA7B600E28F8A1000D7984 /* Common.h */,
				15AA7B630E28F8A1000D7984 /* KernalRom.cpp */,
				15AA7B640E28F8A1000D7984 /* KernalRom.h */,
				15AA7B610E28F8A1000D7984 /* Device.cpp */,
				15AA7B620E28F8A1000D7984 /* Device.h */,
				15AA7B690E28F8A1000D7984 /* MOS6510.cpp */,
				15AA7B6A0E28F8A1000D7984 /* MOS6510.h */,
				15AA7B6B0E28F8A1000D7984 /* MOS6510Debug.cpp */,
				15AA7B6C0E28F8A1000D7984 /* MOS6510Debug.h */,
				15AA7B6D0E28F8A1000D7984 /* MOS6510DebugInterface.h */,
				15AA7B6E0E28F8A1000D7984 /* MOS6569.cpp */,
				15AA7B6F0E28F8A1000D7984 /* MOS6569.h */,
				15AA7FB40E2A5361000D7984 /* MOS6526A.h */,
				15AA7FB50E2A5361000D7984 /* MOS6526A.cpp */,
				15AA7B700E28F8A1000D7984 /* Ram.cpp */,
				15AA7B710E28F8A1000D7984 /* Ram.h */,
				15AA7B720E28F8A1000D7984 /* UTestOpcode.cpp */,
				15AA7B730E28F8A1000D7984 /* UTestOpcode.h */,
				15AA7B740E28F8A1000D7984 /* Util.cpp */,
				15AA7B750E28F8A1000D7984 /* Util.h */,
				15AA7B9F0E28FA0F000D7984 /* CBM64Main.h */,
				15AA7BA00E28FA0F000D7984 /* CBM64Main.cpp */,
				15AA7DE40E29E383000D7984 /* bkegen.h */,
				15B3CD190E35EA4B00D1C847 /* General.h */,
			);
			path = A64Core;
			sourceTree = "<group>";
		};
		19C28FACFE9D520D11CA2CBB /* Products */ = {
			isa = PBXGroup;
			children = (
				8D1107320486CEB800E47090 /* A64Mac.app */,
			);
			name = Products;
			sourceTree = "<group>";
		};
		29B97314FDCFA39411CA2CEA /* A64Mac */ = {
			isa = PBXGroup;
			children = (
				15AA7B5B0E28F8A1000D7984 /* A64Core */,
				080E96DDFE201D6D7F000001 /* Classes */,
				29B97315FDCFA39411CA2CEA /* Other Sources */,
				29B97317FDCFA39411CA2CEA /* Resources */,
				29B97323FDCFA39411CA2CEA /* Frameworks */,
				19C28FACFE9D520D11CA2CBB /* Products */,
			);
			name = A64Mac;
			sourceTree = "<group>";
		};
		29B97315FDCFA39411CA2CEA /* Other Sources */ = {
			isa = PBXGroup;
			children = (
				32CA4F630368D1EE00C91783 /* A64Mac_Prefix.pch */,
				29B97316FDCFA39411CA2CEA /* main.m */,
			);
			name = "Other Sources";
			sourceTree = "<group>";
		};
		29B97317FDCFA39411CA2CEA /* Resources */ = {
			isa = PBXGroup;
			children = (
				8D1107310486CEB800E47090 /* Info.plist */,
				089C165CFE840E0CC02AAC07 /* InfoPlist.strings */,
				29B97318FDCFA39411CA2CEA /* MainMenu.nib */,
			);
			name = Resources;
			sourceTree = "<group>";
		};
		29B97323FDCFA39411CA2CEA /* Frameworks */ = {
			isa = PBXGroup;
			children = (
				1058C7A0FEA54F0111CA2CBB /* Linked Frameworks */,
				1058C7A2FEA54F0111CA2CBB /* Other Frameworks */,
			);
			name = Frameworks;
			sourceTree = "<group>";
		};
/* End PBXGroup section */

/* Begin PBXNativeTarget section */
		8D1107260486CEB800E47090 /* A64Mac */ = {
			isa = PBXNativeTarget;
			buildConfigurationList = C01FCF4A08A954540054247B /* Build configuration list for PBXNativeTarget "A64Mac" */;
			buildPhases = (
				8D1107290486CEB800E47090 /* Resources */,
				8D11072C0486CEB800E47090 /* Sources */,
				8D11072E0486CEB800E47090 /* Frameworks */,
			);
			buildRules = (
			);
			dependencies = (
			);
			name = A64Mac;
			productInstallPath = "$(HOME)/Applications";
			productName = A64Mac;
			productReference = 8D1107320486CEB800E47090 /* A64Mac.app */;
			productType = "com.apple.product-type.application";
		};
/* End PBXNativeTarget section */

/* Begin PBXProject section */
		29B97313FDCFA39411CA2CEA /* Project object */ = {
			isa = PBXProject;
			buildConfigurationList = C01FCF4E08A954540054247B /* Build configuration list for PBXProject "A64Mac" */;
			compatibilityVersion = "Xcode 2.4";
			hasScannedForEncodings = 1;
			mainGroup = 29B97314FDCFA39411CA2CEA /* A64Mac */;
			projectDirPath = "";
			projectRoot = "";
			targets = (
				8D1107260486CEB800E47090 /* A64Mac */,
			);
		};
/* End PBXProject section */

/* Begin PBXResourcesBuildPhase section */
		8D1107290486CEB800E47090 /* Resources */ = {
			isa = PBXResourcesBuildPhase;
			buildActionMask = 2147483647;
			files = (
				8D11072A0486CEB800E47090 /* MainMenu.nib in Resources */,
				8D11072B0486CEB800E47090 /* InfoPlist.strings in Resources */,
			);
			runOnlyForDeploymentPostprocessing = 0;
		};
/* End PBXResourcesBuildPhase section */

/* Begin PBXSourcesBuildPhase section */
		8D11072C0486CEB800E47090 /* Sources */ = {
			isa = PBXSourcesBuildPhase;
			buildActionMask = 2147483647;
			files = (
				8D11072D0486CEB800E47090 /* main.m in Sources */,
				158EE5C20E28F3680065E8DD /* VICView.m in Sources */,
				15AA7B760E28F8A1000D7984 /* BasicRom.cpp in Sources */,
				15AA7B770E28F8A1000D7984 /* Bus.cpp in Sources */,
				15AA7B780E28F8A1000D7984 /* Device.cpp in Sources */,
				15AA7B790E28F8A1000D7984 /* KernalRom.cpp in Sources */,
				15AA7B7D0E28F8A1000D7984 /* MOS6510.cpp in Sources */,
				15AA7B7E0E28F8A1000D7984 /* MOS6510Debug.cpp in Sources */,
				15AA7B7F0E28F8A1000D7984 /* MOS6569.cpp in Sources */,
				15AA7B800E28F8A1000D7984 /* Ram.cpp in Sources */,
				15AA7B810E28F8A1000D7984 /* UTestOpcode.cpp in Sources */,
				15AA7B820E28F8A1000D7984 /* Util.cpp in Sources */,
				15AA7B8D0E28F967000D7984 /* C64Cocoa.mm in Sources */,
				15AA7BA10E28FA0F000D7984 /* CBM64Main.cpp in Sources */,
				15AA7FB60E2A5361000D7984 /* MOS6526A.cpp in Sources */,
				15AA86EE0E31F403000D7984 /* CharRom.cpp in Sources */,
			);
			runOnlyForDeploymentPostprocessing = 0;
		};
/* End PBXSourcesBuildPhase section */

/* Begin PBXVariantGroup section */
		089C165CFE840E0CC02AAC07 /* InfoPlist.strings */ = {
			isa = PBXVariantGroup;
			children = (
				089C165DFE840E0CC02AAC07 /* English */,
			);
			name = InfoPlist.strings;
			sourceTree = "<group>";
		};
		29B97318FDCFA39411CA2CEA /* MainMenu.nib */ = {
			isa = PBXVariantGroup;
			children = (
				29B97319FDCFA39411CA2CEA /* English */,
			);
			name = MainMenu.nib;
			sourceTree = "<group>";
		};
/* End PBXVariantGroup section */

/* Begin XCBuildConfiguration section */
		C01FCF4B08A954540054247B /* Debug */ = {
			isa = XCBuildConfiguration;
			buildSettings = {
				COPY_PHASE_STRIP = NO;
				FRAMEWORK_SEARCH_PATHS = (
					"$(inherited)",
					"$(FRAMEWORK_SEARCH_PATHS_QUOTED_1)",
				);
				FRAMEWORK_SEARCH_PATHS_QUOTED_1 = "\"$(SYSTEM_DEVELOPER_DIR)/SDKs/MacOSX10.4u.sdk/System/Library/Frameworks\"";
				GCC_DYNAMIC_NO_PIC = NO;
				GCC_ENABLE_FIX_AND_CONTINUE = YES;
				GCC_MODEL_TUNING = G5;
				GCC_OPTIMIZATION_LEVEL = 0;
				HEADER_SEARCH_PATHS = "$(SYSTEM_DEVELOPER_DIR)/SDKs/MacOSX10.4u.sdk/Developer/Headers/FlatCarbon";
				INFOPLIST_FILE = Info.plist;
				INSTALL_PATH = "$(HOME)/Applications";
				PRODUCT_NAME = A64Mac;
				WRAPPER_EXTENSION = app;
				ZERO_LINK = NO;
			};
			name = Debug;
		};
		C01FCF4C08A954540054247B /* Release */ = {
			isa = XCBuildConfiguration;
			buildSettings = {
				ARCHS = (
					ppc,
					i386,
				);
				FRAMEWORK_SEARCH_PATHS = (
					"$(inherited)",
					"$(FRAMEWORK_SEARCH_PATHS_QUOTED_1)",
				);
				FRAMEWORK_SEARCH_PATHS_QUOTED_1 = "\"$(SYSTEM_DEVELOPER_DIR)/SDKs/MacOSX10.4u.sdk/System/Library/Frameworks\"";
				GCC_GENERATE_DEBUGGING_SYMBOLS = NO;
				GCC_MODEL_TUNING = G5;
				HEADER_SEARCH_PATHS = "$(SYSTEM_DEVELOPER_DIR)/SDKs/MacOSX10.4u.sdk/Developer/Headers/FlatCarbon";
				INFOPLIST_FILE = Info.plist;
				INSTALL_PATH = "$(HOME)/Applications";
				PRODUCT_NAME = A64Mac;
				WRAPPER_EXTENSION = app;
				ZERO_LINK = NO;
			};
			name = Release;
		};
		C01FCF4F08A954540054247B /* Debug */ = {
			isa = XCBuildConfiguration;
			buildSettings = {
				GCC_VERSION = 4.0;
				GCC_WARN_ABOUT_RETURN_TYPE = YES;
				GCC_WARN_UNUSED_VARIABLE = YES;
				PREBINDING = NO;
				SDKROOT = /Developer/SDKs/MacOSX10.4u.sdk;
			};
			name = Debug;
		};
		C01FCF5008A954540054247B /* Release */ = {
			isa = XCBuildConfiguration;
			buildSettings = {
				GCC_VERSION = 4.0;
				GCC_WARN_ABOUT_RETURN_TYPE = YES;
				GCC_WARN_UNUSED_VARIABLE = YES;
				PREBINDING = NO;
				SDKROOT = /Developer/SDKs/MacOSX10.4u.sdk;
			};
			name = Release;
		};
/* End XCBuildConfiguration section */

/* Begin XCConfigurationList section */
		C01FCF4A08A954540054247B /* Build configuration list for PBXNativeTarget "A64Mac" */ = {
			isa = XCConfigurationList;
			buildConfigurations = (
				C01FCF4B08A954540054247B /* Debug */,
				C01FCF4C08A954540054247B /* Release */,
			);
			defaultConfigurationIsVisible = 0;
			defaultConfigurationName = Release;
		};
		C01FCF4E08A954540054247B /* Build configuration list for PBXProject "A64Mac" */ = {
			isa = XCConfigurationList;
			buildConfigurations = (
				C01FCF4F08A954540054247B /* Debug */,
				C01FCF5008A954540054247B /* Release */,
			);
			defaultConfigurationIsVisible = 0;
			defaultConfigurationName = Release;
		};
/* End XCConfigurationList section */
	};
	rootObject = 29B97313FDCFA39411CA2CEA /* Project object */;
}
